{
    "_readme": [
        "This file locks the dependencies of your project to a known state",
        "Read more about it at https://getcomposer.org/doc/01-basic-usage.md#installing-dependencies",
        "This file is @generated automatically"
    ],
    "content-hash": "d507b454f5bdbabfcf47e7d479a812e9",
    "packages": [
        {
            "name": "composer/installers",
            "version": "v1.12.0",
            "source": {
                "type": "git",
                "url": "https://github.com/composer/installers.git",
                "reference": "d20a64ed3c94748397ff5973488761b22f6d3f19"
            },
            "dist": {
                "type": "zip",
                "url": "https://api.github.com/repos/composer/installers/zipball/d20a64ed3c94748397ff5973488761b22f6d3f19",
                "reference": "d20a64ed3c94748397ff5973488761b22f6d3f19",
                "shasum": ""
            },
            "require": {
                "composer-plugin-api": "^1.0 || ^2.0"
            },
            "replace": {
                "roundcube/plugin-installer": "*",
                "shama/baton": "*"
            },
            "require-dev": {
                "composer/composer": "1.6.* || ^2.0",
                "composer/semver": "^1 || ^3",
                "phpstan/phpstan": "^0.12.55",
                "phpstan/phpstan-phpunit": "^0.12.16",
                "symfony/phpunit-bridge": "^4.2 || ^5",
                "symfony/process": "^2.3"
            },
            "type": "composer-plugin",
            "extra": {
                "class": "Composer\\Installers\\Plugin",
                "branch-alias": {
                    "dev-main": "1.x-dev"
                }
            },
            "autoload": {
                "psr-4": {
                    "Composer\\Installers\\": "src/Composer/Installers"
                }
            },
            "notification-url": "https://packagist.org/downloads/",
            "license": [
                "MIT"
            ],
            "authors": [
                {
                    "name": "Kyle Robinson Young",
                    "email": "kyle@dontkry.com",
                    "homepage": "https://github.com/shama"
                }
            ],
            "description": "A multi-framework Composer library installer",
            "homepage": "https://composer.github.io/installers/",
            "keywords": [
                "Craft",
                "Dolibarr",
                "Eliasis",
                "Hurad",
                "ImageCMS",
                "Kanboard",
                "Lan Management System",
                "MODX Evo",
                "MantisBT",
                "Mautic",
                "Maya",
                "OXID",
                "Plentymarkets",
                "Porto",
                "RadPHP",
                "SMF",
                "Starbug",
                "Thelia",
                "Whmcs",
                "WolfCMS",
                "agl",
                "aimeos",
                "annotatecms",
                "attogram",
                "bitrix",
                "cakephp",
                "chef",
                "cockpit",
                "codeigniter",
                "concrete5",
                "croogo",
                "dokuwiki",
                "drupal",
                "eZ Platform",
                "elgg",
                "expressionengine",
                "fuelphp",
                "grav",
                "installer",
                "itop",
                "joomla",
                "known",
                "kohana",
                "laravel",
                "lavalite",
                "lithium",
                "magento",
                "majima",
                "mako",
                "mediawiki",
                "miaoxing",
                "modulework",
                "modx",
                "moodle",
                "osclass",
                "pantheon",
                "phpbb",
                "piwik",
                "ppi",
                "processwire",
                "puppet",
                "pxcms",
                "reindex",
                "roundcube",
                "shopware",
                "silverstripe",
                "sydes",
                "sylius",
                "symfony",
                "tastyigniter",
                "typo3",
                "wordpress",
                "yawik",
                "zend",
                "zikula"
            ],
            "support": {
                "issues": "https://github.com/composer/installers/issues",
                "source": "https://github.com/composer/installers/tree/v1.12.0"
            },
            "funding": [
                {
                    "url": "https://packagist.com",
                    "type": "custom"
                },
                {
                    "url": "https://github.com/composer",
                    "type": "github"
                },
                {
                    "url": "https://tidelift.com/funding/github/packagist/composer/composer",
                    "type": "tidelift"
                }
            ],
            "time": "2021-09-13T08:19:44+00:00"
        }
    ],
    "packages-dev": [
        {
            "name": "benignware/alphabetic",
            "version": "v0.0.14",
            "source": {
                "type": "git",
                "url": "https://github.com/benignware-labs/wp-alphabetic.git",
                "reference": "v0.0.14"
            },
            "type": "wordpress-plugin"
        },
        {
            "name": "benignware/basic-contact-form",
            "version": "v0.2.0-beta.12",
            "source": {
                "type": "git",
                "url": "https://github.com/benignware-labs/wp-basic-contact-form.git",
                "reference": "v0.2.0-beta.12"
            },
            "type": "wordpress-plugin"
        },
        {
            "name": "benignware/bootstrap-hooks",
            "version": "v1.0.0-beta.4",
            "source": {
                "type": "git",
                "url": "https://github.com/benignware/wp-bootstrap-hooks.git",
                "reference": "v1.0.0-beta.4"
            },
            "type": "wordpress-muplugin"
        },
        {
            "name": "benignware/menu-plus",
            "version": "v1.0.0-beta.2",
            "source": {
                "type": "git",
                "url": "https://github.com/benignware/wp-menu-plus.git",
                "reference": "v1.0.0-beta.2"
            },
            "type": "wordpress-plugin"
        },
        {
            "name": "benignware/raudio",
            "version": "v1.0.0-beta.1",
            "source": {
                "type": "git",
                "url": "https://github.com/benignware/wp-raudio.git",
                "reference": "v1.0.0-beta.1"
            },
            "type": "wordpress-plugin"
        },
        {
            "name": "benignware/responsive-thumbnail",
            "version": "v0.0.9",
            "source": {
                "type": "git",
                "url": "https://github.com/benignware-labs/wp-responsive-thumbnail.git",
                "reference": "v0.0.9"
            },
            "type": "wordpress-plugin"
        },
        {
            "name": "benignware/sticky-widget-area",
            "version": "v0.0.10",
            "source": {
                "type": "git",
                "url": "https://github.com/benignware-labs/wp-sticky-widget-area.git",
                "reference": "v0.0.10"
            },
            "type": "wordpress-plugin"
        },
        {
            "name": "benignware/swiper-shortcode",
            "version": "v0.1.0-beta.12",
            "source": {
                "type": "git",
                "url": "https://github.com/benignware-labs/wp-swiper-shortcode.git",
                "reference": "v0.1.0-beta.12"
            },
            "type": "wordpress-plugin"
        },
        {
            "name": "wemakecustom/wp-mu-loader",
            "version": "v1.0.2",
            "source": {
                "type": "git",
                "url": "https://github.com/wemakecustom/wp-mu-loader.git",
                "reference": "36cb5b0939da619dc07392529fa0253d4017bde4"
            },
            "dist": {
                "type": "zip",
                "url": "https://api.github.com/repos/wemakecustom/wp-mu-loader/zipball/36cb5b0939da619dc07392529fa0253d4017bde4",
                "reference": "36cb5b0939da619dc07392529fa0253d4017bde4",
                "shasum": ""
            },
            "require": {
                "composer/installers": "~1.0"
            },
            "suggest": {
                "wemakecustom/wp-mu-composer": "Composer includer"
            },
            "type": "wordpress-muplugin",
            "extra": {
                "installer-name": "mu-loader"
            },
            "notification-url": "https://packagist.org/downloads/",
            "license": [
                "GPL-2.0"
            ],
            "authors": [
                {
                    "name": "WeMakeCustom",
                    "email": "info@wemakecustom.com",
                    "homepage": "http://www.wemakecustom.com"
                }
            ],
            "description": "Enables the loading of Wordpress plugins sitting in mu-plugins (as folders)",
            "keywords": [
                "plugins",
                "wordpress"
            ],
            "support": {
                "issues": "https://github.com/wemakecustom/wp-mu-loader/issues",
                "source": "https://github.com/wemakecustom/wp-mu-loader/tree/master"
            },
            "time": "2015-01-21T14:32:26+00:00"
        },
        {
            "name": "wpackagist-plugin/advanced-custom-fields",
            "version": "5.12.1",
            "source": {
                "type": "svn",
                "url": "https://plugins.svn.wordpress.org/advanced-custom-fields/",
                "reference": "tags/5.12.1"
            },
            "dist": {
                "type": "zip",
                "url": "https://downloads.wordpress.org/plugin/advanced-custom-fields.5.12.1.zip"
            },
            "require": {
                "composer/installers": "^1.0 || ^2.0"
            },
            "type": "wordpress-plugin",
            "homepage": "https://wordpress.org/plugins/advanced-custom-fields/"
        },
        {
            "name": "wpackagist-plugin/author-avatars",
            "version": "2.1.9",
            "source": {
                "type": "svn",
                "url": "https://plugins.svn.wordpress.org/author-avatars/",
                "reference": "tags/2.1.9"
            },
            "dist": {
                "type": "zip",
                "url": "https://downloads.wordpress.org/plugin/author-avatars.2.1.9.zip"
            },
            "require": {
                "composer/installers": "^1.0 || ^2.0"
            },
            "type": "wordpress-plugin",
            "homepage": "https://wordpress.org/plugins/author-avatars/"
        },
        {
            "name": "wpackagist-plugin/bbpress",
            "version": "2.6.9",
            "source": {
                "type": "svn",
                "url": "https://plugins.svn.wordpress.org/bbpress/",
                "reference": "tags/2.6.9"
            },
            "dist": {
                "type": "zip",
                "url": "https://downloads.wordpress.org/plugin/bbpress.2.6.9.zip"
            },
            "require": {
                "composer/installers": "^1.0 || ^2.0"
            },
            "type": "wordpress-plugin",
            "homepage": "https://wordpress.org/plugins/bbpress/"
        },
        {
            "name": "wpackagist-plugin/block-context",
            "version": "0.1.0",
            "source": {
                "type": "svn",
                "url": "https://plugins.svn.wordpress.org/block-context/",
                "reference": "trunk"
            },
            "dist": {
                "type": "zip",
                "url": "https://downloads.wordpress.org/plugin/block-context.zip?timestamp=1620373994"
            },
            "require": {
                "composer/installers": "^1.0 || ^2.0"
            },
            "type": "wordpress-plugin",
            "homepage": "https://wordpress.org/plugins/block-context/"
        },
        {
            "name": "wpackagist-plugin/custom-archives",
            "version": "3.0.2",
            "source": {
                "type": "svn",
                "url": "https://plugins.svn.wordpress.org/custom-archives/",
                "reference": "tags/3.0.2"
            },
            "dist": {
                "type": "zip",
                "url": "https://downloads.wordpress.org/plugin/custom-archives.3.0.2.zip"
            },
            "require": {
                "composer/installers": "^1.0 || ^2.0"
            },
            "type": "wordpress-plugin",
            "homepage": "https://wordpress.org/plugins/custom-archives/"
        },
        {
            "name": "wpackagist-plugin/custom-post-type-maker",
            "version": "1.1.15",
            "source": {
                "type": "svn",
                "url": "https://plugins.svn.wordpress.org/custom-post-type-maker/",
                "reference": "tags/1.1.15"
            },
            "dist": {
                "type": "zip",
                "url": "https://downloads.wordpress.org/plugin/custom-post-type-maker.1.1.15.zip"
            },
            "require": {
                "composer/installers": "^1.0 || ^2.0"
            },
            "type": "wordpress-plugin",
            "homepage": "https://wordpress.org/plugins/custom-post-type-maker/"
        },
        {
            "name": "wpackagist-plugin/customizer-reset-by-wpzoom",
            "version": "1.1.1",
            "source": {
                "type": "svn",
                "url": "https://plugins.svn.wordpress.org/customizer-reset-by-wpzoom/",
                "reference": "tags/1.1.1"
            },
            "dist": {
                "type": "zip",
                "url": "https://downloads.wordpress.org/plugin/customizer-reset-by-wpzoom.1.1.1.zip"
            },
            "require": {
                "composer/installers": "^1.0 || ^2.0"
            },
            "type": "wordpress-plugin",
            "homepage": "https://wordpress.org/plugins/customizer-reset-by-wpzoom/"
        },
        {
            "name": "wpackagist-plugin/disable-gutenberg",
            "version": "2.6",
            "source": {
                "type": "svn",
                "url": "https://plugins.svn.wordpress.org/disable-gutenberg/",
                "reference": "tags/2.6"
            },
            "dist": {
                "type": "zip",
                "url": "https://downloads.wordpress.org/plugin/disable-gutenberg.2.6.zip"
            },
            "require": {
                "composer/installers": "^1.0 || ^2.0"
            },
            "type": "wordpress-plugin",
            "homepage": "https://wordpress.org/plugins/disable-gutenberg/"
        },
        {
            "name": "wpackagist-plugin/display-environment-type",
            "version": "1.3",
            "source": {
                "type": "svn",
                "url": "https://plugins.svn.wordpress.org/display-environment-type/",
                "reference": "tags/1.3"
            },
            "dist": {
                "type": "zip",
                "url": "https://downloads.wordpress.org/plugin/display-environment-type.1.3.zip"
            },
            "require": {
                "composer/installers": "^1.0 || ^2.0"
            },
            "type": "wordpress-plugin",
            "homepage": "https://wordpress.org/plugins/display-environment-type/"
        },
        {
            "name": "wpackagist-plugin/fakerpress",
            "version": "0.5.3",
            "source": {
                "type": "svn",
                "url": "https://plugins.svn.wordpress.org/fakerpress/",
                "reference": "tags/0.5.3"
            },
            "dist": {
                "type": "zip",
                "url": "https://downloads.wordpress.org/plugin/fakerpress.0.5.3.zip"
            },
            "require": {
                "composer/installers": "^1.0 || ^2.0"
            },
            "type": "wordpress-plugin",
            "homepage": "https://wordpress.org/plugins/fakerpress/"
        },
        {
            "name": "wpackagist-plugin/featured-video-plus",
            "version": "2.3.3",
            "source": {
                "type": "svn",
                "url": "https://plugins.svn.wordpress.org/featured-video-plus/",
                "reference": "tags/2.3.3"
            },
            "dist": {
                "type": "zip",
                "url": "https://downloads.wordpress.org/plugin/featured-video-plus.2.3.3.zip"
            },
            "require": {
                "composer/installers": "^1.0 || ^2.0"
            },
            "type": "wordpress-plugin",
            "homepage": "https://wordpress.org/plugins/featured-video-plus/"
        },
        {
            "name": "wpackagist-plugin/font-awesome",
            "version": "4.1.1",
            "source": {
                "type": "svn",
                "url": "https://plugins.svn.wordpress.org/font-awesome/",
                "reference": "tags/4.1.1"
            },
            "dist": {
                "type": "zip",
                "url": "https://downloads.wordpress.org/plugin/font-awesome.4.1.1.zip"
            },
            "require": {
                "composer/installers": "^1.0 || ^2.0"
            },
            "type": "wordpress-plugin",
            "homepage": "https://wordpress.org/plugins/font-awesome/"
        },
        {
            "name": "wpackagist-plugin/fontmeister",
            "version": "1.08",
            "source": {
                "type": "svn",
                "url": "https://plugins.svn.wordpress.org/fontmeister/",
                "reference": "tags/1.08"
            },
            "dist": {
                "type": "zip",
                "url": "https://downloads.wordpress.org/plugin/fontmeister.1.08.zip"
            },
            "require": {
                "composer/installers": "^1.0 || ^2.0"
            },
            "type": "wordpress-plugin",
            "homepage": "https://wordpress.org/plugins/fontmeister/"
        },
        {
            "name": "wpackagist-plugin/gallery-by-supsystic",
            "version": "1.15.4",
            "source": {
                "type": "svn",
                "url": "https://plugins.svn.wordpress.org/gallery-by-supsystic/",
                "reference": "tags/1.15.4"
            },
            "dist": {
                "type": "zip",
                "url": "https://downloads.wordpress.org/plugin/gallery-by-supsystic.1.15.4.zip"
            },
            "require": {
                "composer/installers": "^1.0 || ^2.0"
            },
            "type": "wordpress-plugin",
            "homepage": "https://wordpress.org/plugins/gallery-by-supsystic/"
        },
        {
            "name": "wpackagist-plugin/groups",
            "version": "2.16.1",
            "source": {
                "type": "svn",
                "url": "https://plugins.svn.wordpress.org/groups/",
                "reference": "tags/2.16.1"
            },
            "dist": {
                "type": "zip",
                "url": "https://downloads.wordpress.org/plugin/groups.2.16.1.zip"
            },
            "require": {
                "composer/installers": "^1.0 || ^2.0"
            },
            "type": "wordpress-plugin",
            "homepage": "https://wordpress.org/plugins/groups/"
        },
        {
            "name": "wpackagist-plugin/groups-bbpress",
            "version": "1.3.0",
            "source": {
                "type": "svn",
                "url": "https://plugins.svn.wordpress.org/groups-bbpress/",
                "reference": "tags/1.3.0"
            },
            "dist": {
                "type": "zip",
                "url": "https://downloads.wordpress.org/plugin/groups-bbpress.1.3.0.zip"
            },
            "require": {
                "composer/installers": "^1.0 || ^2.0"
            },
            "type": "wordpress-plugin",
            "homepage": "https://wordpress.org/plugins/groups-bbpress/"
        },
        {
            "name": "wpackagist-plugin/jetpack",
            "version": "10.7",
            "source": {
                "type": "svn",
                "url": "https://plugins.svn.wordpress.org/jetpack/",
                "reference": "tags/10.7"
            },
            "dist": {
                "type": "zip",
                "url": "https://downloads.wordpress.org/plugin/jetpack.10.7.zip"
            },
            "require": {
                "composer/installers": "^1.0 || ^2.0"
            },
            "type": "wordpress-plugin",
            "homepage": "https://wordpress.org/plugins/jetpack/"
        },
        {
            "name": "wpackagist-plugin/login-logout-menu",
            "version": "1.3.1",
            "source": {
                "type": "svn",
                "url": "https://plugins.svn.wordpress.org/login-logout-menu/",
                "reference": "tags/1.3.1"
            },
            "dist": {
                "type": "zip",
                "url": "https://downloads.wordpress.org/plugin/login-logout-menu.1.3.1.zip"
            },
            "require": {
                "composer/installers": "^1.0 || ^2.0"
            },
            "type": "wordpress-plugin",
            "homepage": "https://wordpress.org/plugins/login-logout-menu/"
        },
        {
            "name": "wpackagist-plugin/mailchimp-for-wp",
            "version": "4.8.7",
            "source": {
                "type": "svn",
                "url": "https://plugins.svn.wordpress.org/mailchimp-for-wp/",
                "reference": "tags/4.8.7"
            },
            "dist": {
                "type": "zip",
                "url": "https://downloads.wordpress.org/plugin/mailchimp-for-wp.4.8.7.zip"
            },
            "require": {
                "composer/installers": "^1.0 || ^2.0"
            },
            "type": "wordpress-plugin",
            "homepage": "https://wordpress.org/plugins/mailchimp-for-wp/"
        },
        {
            "name": "wpackagist-plugin/menu-image",
            "version": "3.0.8",
            "source": {
                "type": "svn",
                "url": "https://plugins.svn.wordpress.org/menu-image/",
                "reference": "tags/3.0.8"
            },
            "dist": {
                "type": "zip",
                "url": "https://downloads.wordpress.org/plugin/menu-image.3.0.8.zip"
            },
            "require": {
                "composer/installers": "^1.0 || ^2.0"
            },
            "type": "wordpress-plugin",
            "homepage": "https://wordpress.org/plugins/menu-image/"
        },
        {
            "name": "wpackagist-plugin/otf-regenerate-thumbnails",
            "version": "0.3",
            "source": {
                "type": "svn",
                "url": "https://plugins.svn.wordpress.org/otf-regenerate-thumbnails/",
                "reference": "tags/0.3"
            },
            "dist": {
                "type": "zip",
                "url": "https://downloads.wordpress.org/plugin/otf-regenerate-thumbnails.0.3.zip"
            },
            "require": {
                "composer/installers": "^1.0 || ^2.0"
            },
            "type": "wordpress-plugin",
            "homepage": "https://wordpress.org/plugins/otf-regenerate-thumbnails/"
        },
        {
            "name": "wpackagist-plugin/post-thumbnail-editor",
            "version": "2.4.8",
            "source": {
                "type": "svn",
                "url": "https://plugins.svn.wordpress.org/post-thumbnail-editor/",
                "reference": "tags/2.4.8"
            },
            "dist": {
                "type": "zip",
                "url": "https://downloads.wordpress.org/plugin/post-thumbnail-editor.2.4.8.zip"
            },
            "require": {
                "composer/installers": "^1.0 || ^2.0"
            },
            "type": "wordpress-plugin",
            "homepage": "https://wordpress.org/plugins/post-thumbnail-editor/"
        },
        {
            "name": "wpackagist-plugin/post-type-archive-descriptions",
            "version": "1.3.0",
            "source": {
                "type": "svn",
                "url": "https://plugins.svn.wordpress.org/post-type-archive-descriptions/",
                "reference": "tags/1.3.0"
            },
            "dist": {
                "type": "zip",
                "url": "https://downloads.wordpress.org/plugin/post-type-archive-descriptions.1.3.0.zip"
            },
            "require": {
                "composer/installers": "^1.0 || ^2.0"
            },
            "type": "wordpress-plugin",
            "homepage": "https://wordpress.org/plugins/post-type-archive-descriptions/"
        },
        {
            "name": "wpackagist-plugin/post-type-archive-links",
            "version": "1.3.1",
            "source": {
                "type": "svn",
                "url": "https://plugins.svn.wordpress.org/post-type-archive-links/",
                "reference": "tags/1.3.1"
            },
            "dist": {
                "type": "zip",
                "url": "https://downloads.wordpress.org/plugin/post-type-archive-links.1.3.1.zip"
            },
            "require": {
                "composer/installers": "^1.0 || ^2.0"
            },
            "type": "wordpress-plugin",
            "homepage": "https://wordpress.org/plugins/post-type-archive-links/"
        },
        {
            "name": "wpackagist-plugin/recent-posts-widget-extended",
            "version": "1.1.0",
            "source": {
                "type": "svn",
                "url": "https://plugins.svn.wordpress.org/recent-posts-widget-extended/",
                "reference": "tags/1.1.0"
            },
            "dist": {
                "type": "zip",
                "url": "https://downloads.wordpress.org/plugin/recent-posts-widget-extended.1.1.0.zip"
            },
            "require": {
                "composer/installers": "^1.0 || ^2.0"
            },
            "type": "wordpress-plugin",
            "homepage": "https://wordpress.org/plugins/recent-posts-widget-extended/"
        },
        {
            "name": "wpackagist-plugin/regenerate-thumbnails",
            "version": "3.1.5",
            "source": {
                "type": "svn",
                "url": "https://plugins.svn.wordpress.org/regenerate-thumbnails/",
                "reference": "tags/3.1.5"
            },
            "dist": {
                "type": "zip",
                "url": "https://downloads.wordpress.org/plugin/regenerate-thumbnails.3.1.5.zip"
            },
            "require": {
                "composer/installers": "^1.0 || ^2.0"
            },
            "type": "wordpress-plugin",
            "homepage": "https://wordpress.org/plugins/regenerate-thumbnails/"
        },
        {
            "name": "wpackagist-plugin/thumbnail-editor",
            "version": "2.3.2",
            "source": {
                "type": "svn",
                "url": "https://plugins.svn.wordpress.org/thumbnail-editor/",
                "reference": "tags/2.3.2"
            },
            "dist": {
                "type": "zip",
                "url": "https://downloads.wordpress.org/plugin/thumbnail-editor.2.3.2.zip"
            },
            "require": {
                "composer/installers": "^1.0 || ^2.0"
            },
            "type": "wordpress-plugin",
            "homepage": "https://wordpress.org/plugins/thumbnail-editor/"
        },
        {
            "name": "wpackagist-plugin/user-menus",
            "version": "1.2.9",
            "source": {
                "type": "svn",
                "url": "https://plugins.svn.wordpress.org/user-menus/",
                "reference": "tags/1.2.9"
            },
            "dist": {
                "type": "zip",
                "url": "https://downloads.wordpress.org/plugin/user-menus.1.2.9.zip"
            },
            "require": {
                "composer/installers": "^1.0 || ^2.0"
            },
            "type": "wordpress-plugin",
            "homepage": "https://wordpress.org/plugins/user-menus/"
        },
        {
            "name": "wpackagist-plugin/woo-order-test",
            "version": "1.6",
            "source": {
                "type": "svn",
                "url": "https://plugins.svn.wordpress.org/woo-order-test/",
                "reference": "trunk"
            },
            "dist": {
                "type": "zip",
                "url": "https://downloads.wordpress.org/plugin/woo-order-test.zip?timestamp=1631906947"
            },
            "require": {
                "composer/installers": "^1.0 || ^2.0"
            },
            "type": "wordpress-plugin",
            "homepage": "https://wordpress.org/plugins/woo-order-test/"
        },
        {
            "name": "wpackagist-plugin/woocommerce",
            "version": "6.3.1",
            "source": {
                "type": "svn",
                "url": "https://plugins.svn.wordpress.org/woocommerce/",
                "reference": "tags/6.3.1"
            },
            "dist": {
                "type": "zip",
                "url": "https://downloads.wordpress.org/plugin/woocommerce.6.3.1.zip"
            },
            "require": {
                "composer/installers": "^1.0 || ^2.0"
            },
            "type": "wordpress-plugin",
            "homepage": "https://wordpress.org/plugins/woocommerce/"
        },
        {
            "name": "wpackagist-plugin/woocommerce-gateway-paypal-express-checkout",
            "version": "2.1.3",
            "source": {
                "type": "svn",
                "url": "https://plugins.svn.wordpress.org/woocommerce-gateway-paypal-express-checkout/",
                "reference": "tags/2.1.3"
            },
            "dist": {
                "type": "zip",
                "url": "https://downloads.wordpress.org/plugin/woocommerce-gateway-paypal-express-checkout.2.1.3.zip"
            },
            "require": {
                "composer/installers": "^1.0 || ^2.0"
            },
            "type": "wordpress-plugin",
            "homepage": "https://wordpress.org/plugins/woocommerce-gateway-paypal-express-checkout/"
        },
        {
            "name": "wpackagist-plugin/wordpress-importer",
            "version": "0.7",
            "source": {
                "type": "svn",
                "url": "https://plugins.svn.wordpress.org/wordpress-importer/",
                "reference": "tags/0.7"
            },
            "dist": {
                "type": "zip",
                "url": "https://downloads.wordpress.org/plugin/wordpress-importer.0.7.zip"
            },
            "require": {
                "composer/installers": "^1.0 || ^2.0"
            },
            "type": "wordpress-plugin",
            "homepage": "https://wordpress.org/plugins/wordpress-importer/"
        },
        {
            "name": "wpackagist-plugin/wordpress-seo",
            "version": "18.4.1",
            "source": {
                "type": "svn",
                "url": "https://plugins.svn.wordpress.org/wordpress-seo/",
                "reference": "tags/18.4.1"
            },
            "dist": {
                "type": "zip",
                "url": "https://downloads.wordpress.org/plugin/wordpress-seo.18.4.1.zip"
            },
            "require": {
                "composer/installers": "^1.0 || ^2.0"
            },
            "type": "wordpress-plugin",
            "homepage": "https://wordpress.org/plugins/wordpress-seo/"
        },
        {
            "name": "wpackagist-plugin/wp-mail-smtp",
            "version": "3.3.0",
            "source": {
                "type": "svn",
                "url": "https://plugins.svn.wordpress.org/wp-mail-smtp/",
                "reference": "tags/3.3.0"
            },
            "dist": {
                "type": "zip",
                "url": "https://downloads.wordpress.org/plugin/wp-mail-smtp.3.3.0.zip"
            },
            "require": {
                "composer/installers": "^1.0 || ^2.0"
            },
            "type": "wordpress-plugin",
            "homepage": "https://wordpress.org/plugins/wp-mail-smtp/"
        },
        {
            "name": "wpackagist-plugin/wp-mailhog-smtp",
            "version": "1.0.1",
            "source": {
                "type": "svn",
                "url": "https://plugins.svn.wordpress.org/wp-mailhog-smtp/",
                "reference": "trunk"
            },
            "dist": {
                "type": "zip",
                "url": "https://downloads.wordpress.org/plugin/wp-mailhog-smtp.zip?timestamp=1627489338"
            },
            "require": {
                "composer/installers": "^1.0 || ^2.0"
            },
            "type": "wordpress-plugin",
            "homepage": "https://wordpress.org/plugins/wp-mailhog-smtp/"
        },
        {
            "name": "wpackagist-plugin/wp-nav-plus",
            "version": "3.4.9",
            "source": {
                "type": "svn",
                "url": "https://plugins.svn.wordpress.org/wp-nav-plus/",
                "reference": "trunk"
            },
            "dist": {
                "type": "zip",
                "url": "https://downloads.wordpress.org/plugin/wp-nav-plus.zip?timestamp=1644207122"
            },
            "require": {
                "composer/installers": "^1.0 || ^2.0"
            },
            "type": "wordpress-plugin",
            "homepage": "https://wordpress.org/plugins/wp-nav-plus/"
        },
        {
            "name": "wpackagist-plugin/wp-user-profile-avatar",
            "version": "1.0",
            "source": {
                "type": "svn",
                "url": "https://plugins.svn.wordpress.org/wp-user-profile-avatar/",
                "reference": "tags/1.0"
            },
            "dist": {
                "type": "zip",
                "url": "https://downloads.wordpress.org/plugin/wp-user-profile-avatar.1.0.zip"
            },
            "require": {
                "composer/installers": "^1.0 || ^2.0"
            },
            "type": "wordpress-plugin",
            "homepage": "https://wordpress.org/plugins/wp-user-profile-avatar/"
        },
        {
            "name": "wpackagist-theme/twentyseventeen",
            "version": "2.9",
            "source": {
                "type": "svn",
                "url": "https://themes.svn.wordpress.org/twentyseventeen/",
                "reference": "2.9"
            },
            "dist": {
                "type": "zip",
                "url": "https://downloads.wordpress.org/theme/twentyseventeen.2.9.zip"
            },
            "require": {
                "composer/installers": "^1.0 || ^2.0"
            },
            "type": "wordpress-theme",
            "homepage": "https://wordpress.org/themes/twentyseventeen/"
        },
        {
            "name": "wptrt/theme-unit-test",
            "version": "master",
            "source": {
                "type": "git",
                "url": "https://github.com/WPTRT/theme-unit-test.git",
                "reference": "master"
            },
            "type": "library"
        }
    ],
    "aliases": [],
    "minimum-stability": "stable",
    "stability-flags": {
        "wptrt/theme-unit-test": 20,
        "benignware/bootstrap-hooks": 10,
        "benignware/menu-plus": 10,
        "benignware/raudio": 10,
        "benignware/basic-contact-form": 10,
        "benignware/swiper-shortcode": 10
    },
    "prefer-stable": false,
    "prefer-lowest": false,
    "platform": {
        "php": ">=5.3.0"
    },
    "platform-dev": [],
    "plugin-api-version": "2.1.0"
}
